// !$*UTF8*$!
{
	archiveVersion = 1;
	classes = {
	};
	objectVersion = 77;
	objects = {

/* Begin PBXContainerItemProxy section */
		972BDDBE2D2C0B8900753AB9 /* PBXContainerItemProxy */ = {
			isa = PBXContainerItemProxy;
			containerPortal = 972BDD9C2D2C0B8700753AB9 /* Project object */;
			proxyType = 1;
			remoteGlobalIDString = 972BDDA32D2C0B8700753AB9;
			remoteInfo = "Eteration-Case";
		};
		972BDDC82D2C0B8900753AB9 /* PBXContainerItemProxy */ = {
			isa = PBXContainerItemProxy;
			containerPortal = 972BDD9C2D2C0B8700753AB9 /* Project object */;
			proxyType = 1;
			remoteGlobalIDString = 972BDDA32D2C0B8700753AB9;
			remoteInfo = "Eteration-Case";
		};
/* End PBXContainerItemProxy section */

/* Begin PBXFileReference section */
		972BDDA42D2C0B8700753AB9 /* Eteration-Case.app */ = {isa = PBXFileReference; explicitFileType = wrapper.application; includeInIndex = 0; path = "Eteration-Case.app"; sourceTree = BUILT_PRODUCTS_DIR; };
		972BDDBD2D2C0B8900753AB9 /* Eteration-CaseTests.xctest */ = {isa = PBXFileReference; explicitFileType = wrapper.cfbundle; includeInIndex = 0; path = "Eteration-CaseTests.xctest"; sourceTree = BUILT_PRODUCTS_DIR; };
		972BDDC72D2C0B8900753AB9 /* Eteration-CaseUITests.xctest */ = {isa = PBXFileReference; explicitFileType = wrapper.cfbundle; includeInIndex = 0; path = "Eteration-CaseUITests.xctest"; sourceTree = BUILT_PRODUCTS_DIR; };
/* End PBXFileReference section */

/* Begin PBXFileSystemSynchronizedBuildFileExceptionSet section */
		97BB48232D2CA62300FD34CE /* Exceptions for "Eteration-Case" folder in "Eteration-CaseTests" target */ = {
			isa = PBXFileSystemSynchronizedBuildFileExceptionSet;
			membershipExceptions = (
				Test/ModelTest/ProductModelTests.swift,
				Test/RequestTest/GetFilteredProductsRequestTests.swift,
				Test/RequestTest/GetProductsRequestTests.swift,
				Test/RequestTest/SearchProductsRequests.swift,
			);
			target = 972BDDBC2D2C0B8900753AB9 /* Eteration-CaseTests */;
		};
		97ECF8572D2CA4240045BAD9 /* Exceptions for "Eteration-Case" folder in "Eteration-Case" target */ = {
			isa = PBXFileSystemSynchronizedBuildFileExceptionSet;
			membershipExceptions = (
				Info.plist,
				Test/ModelTest/ProductModelTests.swift,
				Test/RequestTest/GetFilteredProductsRequestTests.swift,
				Test/RequestTest/GetProductsRequestTests.swift,
				Test/RequestTest/SearchProductsRequests.swift,
			);
			target = 972BDDA32D2C0B8700753AB9 /* Eteration-Case */;
		};
/* End PBXFileSystemSynchronizedBuildFileExceptionSet section */

/* Begin PBXFileSystemSynchronizedRootGroup section */
		972BDDA62D2C0B8700753AB9 /* Eteration-Case */ = {
			isa = PBXFileSystemSynchronizedRootGroup;
			exceptions = (
				97ECF8572D2CA4240045BAD9 /* Exceptions for "Eteration-Case" folder in "Eteration-Case" target */,
				97BB48232D2CA62300FD34CE /* Exceptions for "Eteration-Case" folder in "Eteration-CaseTests" target */,
			);
			path = "Eteration-Case";
			sourceTree = "<group>";
		};
/* End PBXFileSystemSynchronizedRootGroup section */

/* Begin PBXFrameworksBuildPhase section */
		972BDDA12D2C0B8700753AB9 /* Frameworks */ = {
			isa = PBXFrameworksBuildPhase;
			buildActionMask = 2147483647;
			files = (
			);
			runOnlyForDeploymentPostprocessing = 0;
		};
		972BDDBA2D2C0B8900753AB9 /* Frameworks */ = {
			isa = PBXFrameworksBuildPhase;
			buildActionMask = 2147483647;
			files = (
			);
			runOnlyForDeploymentPostprocessing = 0;
		};
		972BDDC42D2C0B8900753AB9 /* Frameworks */ = {
			isa = PBXFrameworksBuildPhase;
			buildActionMask = 2147483647;
			files = (
			);
			runOnlyForDeploymentPostprocessing = 0;
		};
/* End PBXFrameworksBuildPhase section */

/* Begin PBXGroup section */
		972BDD9B2D2C0B8700753AB9 = {
			isa = PBXGroup;
			children = (
				972BDDA62D2C0B8700753AB9 /* Eteration-Case */,
				972BDDA52D2C0B8700753AB9 /* Products */,
			);
			sourceTree = "<group>";
		};
		972BDDA52D2C0B8700753AB9 /* Products */ = {
			isa = PBXGroup;
			children = (
				972BDDA42D2C0B8700753AB9 /* Eteration-Case.app */,
				972BDDBD2D2C0B8900753AB9 /* Eteration-CaseTests.xctest */,
				972BDDC72D2C0B8900753AB9 /* Eteration-CaseUITests.xctest */,
			);
			name = Products;
			sourceTree = "<group>";
		};
/* End PBXGroup section */

/* Begin PBXNativeTarget section */
		972BDDA32D2C0B8700753AB9 /* Eteration-Case */ = {
			isa = PBXNativeTarget;
			buildConfigurationList = 972BDDD02D2C0B8900753AB9 /* Build configuration list for PBXNativeTarget "Eteration-Case" */;
			buildPhases = (
				972BDDA02D2C0B8700753AB9 /* Sources */,
				972BDDA12D2C0B8700753AB9 /* Frameworks */,
				972BDDA22D2C0B8700753AB9 /* Resources */,
			);
			buildRules = (
			);
			dependencies = (
			);
			fileSystemSynchronizedGroups = (
				972BDDA62D2C0B8700753AB9 /* Eteration-Case */,
			);
			name = "Eteration-Case";
			packageProductDependencies = (
			);
			productName = "Eteration-Case";
			productReference = 972BDDA42D2C0B8700753AB9 /* Eteration-Case.app */;
			productType = "com.apple.product-type.application";
		};
		972BDDBC2D2C0B8900753AB9 /* Eteration-CaseTests */ = {
			isa = PBXNativeTarget;
			buildConfigurationList = 972BDDD52D2C0B8900753AB9 /* Build configuration list for PBXNativeTarget "Eteration-CaseTests" */;
			buildPhases = (
				972BDDB92D2C0B8900753AB9 /* Sources */,
				972BDDBA2D2C0B8900753AB9 /* Frameworks */,
				972BDDBB2D2C0B8900753AB9 /* Resources */,
			);
			buildRules = (
			);
			dependencies = (
				972BDDBF2D2C0B8900753AB9 /* PBXTargetDependency */,
			);
			name = "Eteration-CaseTests";
			packageProductDependencies = (
			);
			productName = "Eteration-CaseTests";
			productReference = 972BDDBD2D2C0B8900753AB9 /* Eteration-CaseTests.xctest */;
			productType = "com.apple.product-type.bundle.unit-test";
		};
		972BDDC62D2C0B8900753AB9 /* Eteration-CaseUITests */ = {
			isa = PBXNativeTarget;
			buildConfigurationList = 972BDDD82D2C0B8900753AB9 /* Build configuration list for PBXNativeTarget "Eteration-CaseUITests" */;
			buildPhases = (
				972BDDC32D2C0B8900753AB9 /* Sources */,
				972BDDC42D2C0B8900753AB9 /* Frameworks */,
				972BDDC52D2C0B8900753AB9 /* Resources */,
			);
			buildRules = (
			);
			dependencies = (
				972BDDC92D2C0B8900753AB9 /* PBXTargetDependency */,
			);
			name = "Eteration-CaseUITests";
			packageProductDependencies = (
			);
			productName = "Eteration-CaseUITests";
			productReference = 972BDDC72D2C0B8900753AB9 /* Eteration-CaseUITests.xctest */;
			productType = "com.apple.product-type.bundle.ui-testing";
		};
/* End PBXNativeTarget section */

/* Begin PBXProject section */
		972BDD9C2D2C0B8700753AB9 /* Project object */ = {
			isa = PBXProject;
			attributes = {
				BuildIndependentTargetsInParallel = 1;
				LastSwiftUpdateCheck = 1610;
				LastUpgradeCheck = 1610;
				TargetAttributes = {
					972BDDA32D2C0B8700753AB9 = {
						CreatedOnToolsVersion = 16.1;
					};
					972BDDBC2D2C0B8900753AB9 = {
						CreatedOnToolsVersion = 16.1;
						LastSwiftMigration = 1610;
						TestTargetID = 972BDDA32D2C0B8700753AB9;
					};
					972BDDC62D2C0B8900753AB9 = {
						CreatedOnToolsVersion = 16.1;
						LastSwiftMigration = 1610;
						TestTargetID = 972BDDA32D2C0B8700753AB9;
					};
				};
			};
			buildConfigurationList = 972BDD9F2D2C0B8700753AB9 /* Build configuration list for PBXProject "Eteration-Case" */;
			developmentRegion = en;
			hasScannedForEncodings = 0;
			knownRegions = (
				en,
				Base,
			);
			mainGroup = 972BDD9B2D2C0B8700753AB9;
			minimizedProjectReferenceProxies = 1;
			preferredProjectObjectVersion = 77;
			productRefGroup = 972BDDA52D2C0B8700753AB9 /* Products */;
			projectDirPath = "";
			projectRoot = "";
			targets = (
				972BDDA32D2C0B8700753AB9 /* Eteration-Case */,
				972BDDBC2D2C0B8900753AB9 /* Eteration-CaseTests */,
				972BDDC62D2C0B8900753AB9 /* Eteration-CaseUITests */,
			);
		};
/* End PBXProject section */

/* Begin PBXResourcesBuildPhase section */
		972BDDA22D2C0B8700753AB9 /* Resources */ = {
			isa = PBXResourcesBuildPhase;
			buildActionMask = 2147483647;
			files = (
			);
			runOnlyForDeploymentPostprocessing = 0;
		};
		972BDDBB2D2C0B8900753AB9 /* Resources */ = {
			isa = PBXResourcesBuildPhase;
			buildActionMask = 2147483647;
			files = (
			);
			runOnlyForDeploymentPostprocessing = 0;
		};
		972BDDC52D2C0B8900753AB9 /* Resources */ = {
			isa = PBXResourcesBuildPhase;
			buildActionMask = 2147483647;
			files = (
			);
			runOnlyForDeploymentPostprocessing = 0;
		};
/* End PBXResourcesBuildPhase section */

/* Begin PBXSourcesBuildPhase section */
		972BDDA02D2C0B8700753AB9 /* Sources */ = {
			isa = PBXSourcesBuildPhase;
			buildActionMask = 2147483647;
			files = (
			);
			runOnlyForDeploymentPostprocessing = 0;
		};
		972BDDB92D2C0B8900753AB9 /* Sources */ = {
			isa = PBXSourcesBuildPhase;
			buildActionMask = 2147483647;
			files = (
			);
			runOnlyForDeploymentPostprocessing = 0;
		};
		972BDDC32D2C0B8900753AB9 /* Sources */ = {
			isa = PBXSourcesBuildPhase;
			buildActionMask = 2147483647;
			files = (
			);
			runOnlyForDeploymentPostprocessing = 0;
		};
/* End PBXSourcesBuildPhase section */

/* Begin PBXTargetDependency section */
		972BDDBF2D2C0B8900753AB9 /* PBXTargetDependency */ = {
			isa = PBXTargetDependency;
			target = 972BDDA32D2C0B8700753AB9 /* Eteration-Case */;
			targetProxy = 972BDDBE2D2C0B8900753AB9 /* PBXContainerItemProxy */;
		};
		972BDDC92D2C0B8900753AB9 /* PBXTargetDependency */ = {
			isa = PBXTargetDependency;
			target = 972BDDA32D2C0B8700753AB9 /* Eteration-Case */;
			targetProxy = 972BDDC82D2C0B8900753AB9 /* PBXContainerItemProxy */;
		};
/* End PBXTargetDependency section */

/* Begin XCBuildConfiguration section */
		972BDDD12D2C0B8900753AB9 /* Debug */ = {
			isa = XCBuildConfiguration;
			buildSettings = {
				ASSETCATALOG_COMPILER_APPICON_NAME = AppIcon;
				ASSETCATALOG_COMPILER_GLOBAL_ACCENT_COLOR_NAME = AccentColor;
				CODE_SIGN_STYLE = Automatic;
				CURRENT_PROJECT_VERSION = 1;
				DEVELOPMENT_TEAM = GA48AS43F9;
				GENERATE_INFOPLIST_FILE = YES;
				INFOPLIST_EXPAND_BUILD_SETTINGS = YES;
				INFOPLIST_FILE = "Eteration-Case/Info.plist";
				INFOPLIST_KEY_UIApplicationSupportsIndirectInputEvents = YES;
				INFOPLIST_KEY_UILaunchStoryboardName = LaunchScreen;
				INFOPLIST_KEY_UISupportedInterfaceOrientations_iPad = "UIInterfaceOrientationPortrait UIInterfaceOrientationPortraitUpsideDown UIInterfaceOrientationLandscapeLeft UIInterfaceOrientationLandscapeRight";
				INFOPLIST_KEY_UISupportedInterfaceOrientations_iPhone = "UIInterfaceOrientationPortrait UIInterfaceOrientationLandscapeLeft UIInterfaceOrientationLandscapeRight";
				LD_RUNPATH_SEARCH_PATHS = (
					"$(inherited)",
					"@executable_path/Frameworks",
				);
				MARKETING_VERSION = 1.0;
				PRODUCT_BUNDLE_IDENTIFIER = "com.ahmetonursahin.Eteration-Case";
				PRODUCT_NAME = "$(TARGET_NAME)";
				SWIFT_EMIT_LOC_STRINGS = YES;
				SWIFT_VERSION = 5.0;
				TARGETED_DEVICE_FAMILY = "1,2";
			};
			name = Debug;
		};
		972BDDD22D2C0B8900753AB9 /* Release */ = {
			isa = XCBuildConfiguration;
			buildSettings = {
				ASSETCATALOG_COMPILER_APPICON_NAME = AppIcon;
				ASSETCATALOG_COMPILER_GLOBAL_ACCENT_COLOR_NAME = AccentColor;
				CODE_SIGN_STYLE = Automatic;
				CURRENT_PROJECT_VERSION = 1;
				DEVELOPMENT_TEAM = GA48AS43F9;
				GENERATE_INFOPLIST_FILE = YES;
				INFOPLIST_EXPAND_BUILD_SETTINGS = YES;
				INFOPLIST_FILE = "Eteration-Case/Info.plist";
				INFOPLIST_KEY_UIApplicationSupportsIndirectInputEvents = YES;
				INFOPLIST_KEY_UILaunchStoryboardName = LaunchScreen;
				INFOPLIST_KEY_UISupportedInterfaceOrientations_iPad = "UIInterfaceOrientationPortrait UIInterfaceOrientationPortraitUpsideDown UIInterfaceOrientationLandscapeLeft UIInterfaceOrientationLandscapeRight";
				INFOPLIST_KEY_UISupportedInterfaceOrientations_iPhone = "UIInterfaceOrientationPortrait UIInterfaceOrientationLandscapeLeft UIInterfaceOrientationLandscapeRight";
				LD_RUNPATH_SEARCH_PATHS = (
					"$(inherited)",
					"@executable_path/Frameworks",
				);
				MARKETING_VERSION = 1.0;
				PRODUCT_BUNDLE_IDENTIFIER = "com.ahmetonursahin.Eteration-Case";
				PRODUCT_NAME = "$(TARGET_NAME)";
				SWIFT_EMIT_LOC_STRINGS = YES;
				SWIFT_VERSION = 5.0;
				TARGETED_DEVICE_FAMILY = "1,2";
			};
			name = Release;
		};
		972BDDD32D2C0B8900753AB9 /* Debug */ = {
			isa = XCBuildConfiguration;
			buildSettings = {
				ALWAYS_SEARCH_USER_PATHS = NO;
				ASSETCATALOG_COMPILER_GENERATE_SWIFT_ASSET_SYMBOL_EXTENSIONS = YES;
				CLANG_ANALYZER_NONNULL = YES;
				CLANG_ANALYZER_NUMBER_OBJECT_CONVERSION = YES_AGGRESSIVE;
				CLANG_CXX_LANGUAGE_STANDARD = "gnu++20";
				CLANG_ENABLE_MODULES = YES;
				CLANG_ENABLE_OBJC_ARC = YES;
				CLANG_ENABLE_OBJC_WEAK = YES;
				CLANG_WARN_BLOCK_CAPTURE_AUTORELEASING = YES;
				CLANG_WARN_BOOL_CONVERSION = YES;
				CLANG_WARN_COMMA = YES;
				CLANG_WARN_CONSTANT_CONVERSION = YES;
				CLANG_WARN_DEPRECATED_OBJC_IMPLEMENTATIONS = YES;
				CLANG_WARN_DIRECT_OBJC_ISA_USAGE = YES_ERROR;
				CLANG_WARN_DOCUMENTATION_COMMENTS = YES;
				CLANG_WARN_EMPTY_BODY = YES;
				CLANG_WARN_ENUM_CONVERSION = YES;
				CLANG_WARN_INFINITE_RECURSION = YES;
				CLANG_WARN_INT_CONVERSION = YES;
				CLANG_WARN_NON_LITERAL_NULL_CONVERSION = YES;
				CLANG_WARN_OBJC_IMPLICIT_RETAIN_SELF = YES;
				CLANG_WARN_OBJC_LITERAL_CONVERSION = YES;
				CLANG_WARN_OBJC_ROOT_CLASS = YES_ERROR;
				CLANG_WARN_QUOTED_INCLUDE_IN_FRAMEWORK_HEADER = YES;
				CLANG_WARN_RANGE_LOOP_ANALYSIS = YES;
				CLANG_WARN_STRICT_PROTOTYPES = YES;
				CLANG_WARN_SUSPICIOUS_MOVE = YES;
				CLANG_WARN_UNGUARDED_AVAILABILITY = YES_AGGRESSIVE;
				CLANG_WARN_UNREACHABLE_CODE = YES;
				CLANG_WARN__DUPLICATE_METHOD_MATCH = YES;
				COPY_PHASE_STRIP = NO;
				DEBUG_INFORMATION_FORMAT = dwarf;
				ENABLE_STRICT_OBJC_MSGSEND = YES;
				ENABLE_TESTABILITY = YES;
				ENABLE_USER_SCRIPT_SANDBOXING = YES;
				GCC_C_LANGUAGE_STANDARD = gnu17;
				GCC_DYNAMIC_NO_PIC = NO;
				GCC_NO_COMMON_BLOCKS = YES;
				GCC_OPTIMIZATION_LEVEL = 0;
				GCC_PREPROCESSOR_DEFINITIONS = (
					"DEBUG=1",
					"$(inherited)",
				);
				GCC_WARN_64_TO_32_BIT_CONVERSION = YES;
				GCC_WARN_ABOUT_RETURN_TYPE = YES_ERROR;
				GCC_WARN_UNDECLARED_SELECTOR = YES;
				GCC_WARN_UNINITIALIZED_AUTOS = YES_AGGRESSIVE;
				GCC_WARN_UNUSED_FUNCTION = YES;
				GCC_WARN_UNUSED_VARIABLE = YES;
				IPHONEOS_DEPLOYMENT_TARGET = 18.1;
				LOCALIZATION_PREFERS_STRING_CATALOGS = YES;
				MTL_ENABLE_DEBUG_INFO = INCLUDE_SOURCE;
				MTL_FAST_MATH = YES;
				ONLY_ACTIVE_ARCH = YES;
				SDKROOT = iphoneos;
				SWIFT_ACTIVE_COMPILATION_CONDITIONS = "DEBUG $(inherited)";
				SWIFT_OPTIMIZATION_LEVEL = "-Onone";
			};
			name = Debug;
		};
		972BDDD42D2C0B8900753AB9 /* Release */ = {
			isa = XCBuildConfiguration;
			buildSettings = {
				ALWAYS_SEARCH_USER_PATHS = NO;
				ASSETCATALOG_COMPILER_GENERATE_SWIFT_ASSET_SYMBOL_EXTENSIONS = YES;
				CLANG_ANALYZER_NONNULL = YES;
				CLANG_ANALYZER_NUMBER_OBJECT_CONVERSION = YES_AGGRESSIVE;
				CLANG_CXX_LANGUAGE_STANDARD = "gnu++20";
				CLANG_ENABLE_MODULES = YES;
				CLANG_ENABLE_OBJC_ARC = YES;
				CLANG_ENABLE_OBJC_WEAK = YES;
				CLANG_WARN_BLOCK_CAPTURE_AUTORELEASING = YES;
				CLANG_WARN_BOOL_CONVERSION = YES;
				CLANG_WARN_COMMA = YES;
				CLANG_WARN_CONSTANT_CONVERSION = YES;
				CLANG_WARN_DEPRECATED_OBJC_IMPLEMENTATIONS = YES;
				CLANG_WARN_DIRECT_OBJC_ISA_USAGE = YES_ERROR;
				CLANG_WARN_DOCUMENTATION_COMMENTS = YES;
				CLANG_WARN_EMPTY_BODY = YES;
				CLANG_WARN_ENUM_CONVERSION = YES;
				CLANG_WARN_INFINITE_RECURSION = YES;
				CLANG_WARN_INT_CONVERSION = YES;
				CLANG_WARN_NON_LITERAL_NULL_CONVERSION = YES;
				CLANG_WARN_OBJC_IMPLICIT_RETAIN_SELF = YES;
				CLANG_WARN_OBJC_LITERAL_CONVERSION = YES;
				CLANG_WARN_OBJC_ROOT_CLASS = YES_ERROR;
				CLANG_WARN_QUOTED_INCLUDE_IN_FRAMEWORK_HEADER = YES;
				CLANG_WARN_RANGE_LOOP_ANALYSIS = YES;
				CLANG_WARN_STRICT_PROTOTYPES = YES;
				CLANG_WARN_SUSPICIOUS_MOVE = YES;
				CLANG_WARN_UNGUARDED_AVAILABILITY = YES_AGGRESSIVE;
				CLANG_WARN_UNREACHABLE_CODE = YES;
				CLANG_WARN__DUPLICATE_METHOD_MATCH = YES;
				COPY_PHASE_STRIP = NO;
				DEBUG_INFORMATION_FORMAT = "dwarf-with-dsym";
				ENABLE_NS_ASSERTIONS = NO;
				ENABLE_STRICT_OBJC_MSGSEND = YES;
				ENABLE_USER_SCRIPT_SANDBOXING = YES;
				GCC_C_LANGUAGE_STANDARD = gnu17;
				GCC_NO_COMMON_BLOCKS = YES;
				GCC_WARN_64_TO_32_BIT_CONVERSION = YES;
				GCC_WARN_ABOUT_RETURN_TYPE = YES_ERROR;
				GCC_WARN_UNDECLARED_SELECTOR = YES;
				GCC_WARN_UNINITIALIZED_AUTOS = YES_AGGRESSIVE;
				GCC_WARN_UNUSED_FUNCTION = YES;
				GCC_WARN_UNUSED_VARIABLE = YES;
				IPHONEOS_DEPLOYMENT_TARGET = 18.1;
				LOCALIZATION_PREFERS_STRING_CATALOGS = YES;
				MTL_ENABLE_DEBUG_INFO = NO;
				MTL_FAST_MATH = YES;
				SDKROOT = iphoneos;
				SWIFT_COMPILATION_MODE = wholemodule;
				VALIDATE_PRODUCT = YES;
			};
			name = Release;
		};
		972BDDD62D2C0B8900753AB9 /* Debug */ = {
			isa = XCBuildConfiguration;
			buildSettings = {
				BUNDLE_LOADER = "$(TEST_HOST)";
				CLANG_ENABLE_MODULES = YES;
				CODE_SIGN_STYLE = Automatic;
				CURRENT_PROJECT_VERSION = 1;
				DEVELOPMENT_TEAM = GA48AS43F9;
				GENERATE_INFOPLIST_FILE = YES;
				IPHONEOS_DEPLOYMENT_TARGET = 18.1;
				MARKETING_VERSION = 1.0;
				PRODUCT_BUNDLE_IDENTIFIER = "com.ahmetonursahin.Eteration-CaseTests";
				PRODUCT_NAME = "$(TARGET_NAME)";
				SWIFT_EMIT_LOC_STRINGS = NO;
				SWIFT_OPTIMIZATION_LEVEL = "-Onone";
				SWIFT_VERSION = 5.0;
				SYSTEM_FRAMEWORK_SEARCH_PATHS = "$(SDKROOT)/Developer/Library/Frameworks";
				TARGETED_DEVICE_FAMILY = "1,2";
				TEST_HOST = "$(BUILT_PRODUCTS_DIR)/Eteration-Case.app/$(BUNDLE_EXECUTABLE_FOLDER_PATH)/Eteration-Case";
			};
			name = Debug;
		};
		972BDDD72D2C0B8900753AB9 /* Release */ = {
			isa = XCBuildConfiguration;
			buildSettings = {
				BUNDLE_LOADER = "$(TEST_HOST)";
				CLANG_ENABLE_MODULES = YES;
				CODE_SIGN_STYLE = Automatic;
				CURRENT_PROJECT_VERSION = 1;
				DEVELOPMENT_TEAM = GA48AS43F9;
				GENERATE_INFOPLIST_FILE = YES;
				IPHONEOS_DEPLOYMENT_TARGET = 18.1;
				MARKETING_VERSION = 1.0;
				PRODUCT_BUNDLE_IDENTIFIER = "com.ahmetonursahin.Eteration-CaseTests";
				PRODUCT_NAME = "$(TARGET_NAME)";
				SWIFT_EMIT_LOC_STRINGS = NO;
				SWIFT_VERSION = 5.0;
				SYSTEM_FRAMEWORK_SEARCH_PATHS = "$(SDKROOT)/Developer/Library/Frameworks";
				TARGETED_DEVICE_FAMILY = "1,2";
				TEST_HOST = "$(BUILT_PRODUCTS_DIR)/Eteration-Case.app/$(BUNDLE_EXECUTABLE_FOLDER_PATH)/Eteration-Case";
			};
			name = Release;
		};
		972BDDD92D2C0B8900753AB9 /* Debug */ = {
			isa = XCBuildConfiguration;
			buildSettings = {
				CLANG_ENABLE_MODULES = YES;
				CODE_SIGN_STYLE = Automatic;
				CURRENT_PROJECT_VERSION = 1;
				DEVELOPMENT_TEAM = GA48AS43F9;
				GENERATE_INFOPLIST_FILE = YES;
				MARKETING_VERSION = 1.0;
				PRODUCT_BUNDLE_IDENTIFIER = "com.ahmetonursahin.Eteration-CaseUITests";
				PRODUCT_NAME = "$(TARGET_NAME)";
				SWIFT_EMIT_LOC_STRINGS = NO;
				SWIFT_OPTIMIZATION_LEVEL = "-Onone";
				SWIFT_VERSION = 5.0;
				SYSTEM_FRAMEWORK_SEARCH_PATHS = "$(SDKROOT)/Developer/Library/Frameworks";
				TARGETED_DEVICE_FAMILY = "1,2";
				TEST_TARGET_NAME = "Eteration-Case";
			};
			name = Debug;
		};
		972BDDDA2D2C0B8900753AB9 /* Release */ = {
			isa = XCBuildConfiguration;
			buildSettings = {
				CLANG_ENABLE_MODULES = YES;
				CODE_SIGN_STYLE = Automatic;
				CURRENT_PROJECT_VERSION = 1;
				DEVELOPMENT_TEAM = GA48AS43F9;
				GENERATE_INFOPLIST_FILE = YES;
				MARKETING_VERSION = 1.0;
				PRODUCT_BUNDLE_IDENTIFIER = "com.ahmetonursahin.Eteration-CaseUITests";
				PRODUCT_NAME = "$(TARGET_NAME)";
				SWIFT_EMIT_LOC_STRINGS = NO;
				SWIFT_VERSION = 5.0;
				SYSTEM_FRAMEWORK_SEARCH_PATHS = "$(SDKROOT)/Developer/Library/Frameworks";
				TARGETED_DEVICE_FAMILY = "1,2";
				TEST_TARGET_NAME = "Eteration-Case";
			};
			name = Release;
		};
/* End XCBuildConfiguration section */

/* Begin XCConfigurationList section */
		972BDD9F2D2C0B8700753AB9 /* Build configuration list for PBXProject "Eteration-Case" */ = {
			isa = XCConfigurationList;
			buildConfigurations = (
				972BDDD32D2C0B8900753AB9 /* Debug */,
				972BDDD42D2C0B8900753AB9 /* Release */,
			);
			defaultConfigurationIsVisible = 0;
			defaultConfigurationName = Release;
		};
		972BDDD02D2C0B8900753AB9 /* Build configuration list for PBXNativeTarget "Eteration-Case" */ = {
			isa = XCConfigurationList;
			buildConfigurations = (
				972BDDD12D2C0B8900753AB9 /* Debug */,
				972BDDD22D2C0B8900753AB9 /* Release */,
			);
			defaultConfigurationIsVisible = 0;
			defaultConfigurationName = Release;
		};
		972BDDD52D2C0B8900753AB9 /* Build configuration list for PBXNativeTarget "Eteration-CaseTests" */ = {
			isa = XCConfigurationList;
			buildConfigurations = (
				972BDDD62D2C0B8900753AB9 /* Debug */,
				972BDDD72D2C0B8900753AB9 /* Release */,
			);
			defaultConfigurationIsVisible = 0;
			defaultConfigurationName = Release;
		};
		972BDDD82D2C0B8900753AB9 /* Build configuration list for PBXNativeTarget "Eteration-CaseUITests" */ = {
			isa = XCConfigurationList;
			buildConfigurations = (
				972BDDD92D2C0B8900753AB9 /* Debug */,
				972BDDDA2D2C0B8900753AB9 /* Release */,
			);
			defaultConfigurationIsVisible = 0;
			defaultConfigurationName = Release;
		};
/* End XCConfigurationList section */
	};
	rootObject = 972BDD9C2D2C0B8700753AB9 /* Project object */;
}
